// !$*UTF8*$!
{
	archiveVersion = 1;
	classes = {
	};
	objectVersion = 56;
	objects = {

/* Begin PBXBuildFile section */
		61965AB12AD24B5A00A91BA7 /* PhotoData.xcdatamodeld in Sources */ = {isa = PBXBuildFile; fileRef = 61965AAF2AD24B5A00A91BA7 /* PhotoData.xcdatamodeld */; };
		61965AB32AD2516B00A91BA7 /* PhotoRepository.swift in Sources */ = {isa = PBXBuildFile; fileRef = 61965AB22AD2516B00A91BA7 /* PhotoRepository.swift */; };
		61965AB62AD2608400A91BA7 /* ComposableArchitecture in Frameworks */ = {isa = PBXBuildFile; productRef = 61965AB52AD2608400A91BA7 /* ComposableArchitecture */; };
		61965AB82AD2614F00A91BA7 /* Photos.swift in Sources */ = {isa = PBXBuildFile; fileRef = 61965AB72AD2614F00A91BA7 /* Photos.swift */; };
		61965ABA2AD2618800A91BA7 /* Photo.swift in Sources */ = {isa = PBXBuildFile; fileRef = 61965AB92AD2618800A91BA7 /* Photo.swift */; };
		61965ABC2AD2703200A91BA7 /* AdmobBannerView.swift in Sources */ = {isa = PBXBuildFile; fileRef = 61965ABB2AD2703200A91BA7 /* AdmobBannerView.swift */; };
		61965ABF2AD270AD00A91BA7 /* GoogleMobileAds in Frameworks */ = {isa = PBXBuildFile; productRef = 61965ABE2AD270AD00A91BA7 /* GoogleMobileAds */; };
		61BA08222AC7D98B0086E3C8 /* RetroSnapApp.swift in Sources */ = {isa = PBXBuildFile; fileRef = 61BA08212AC7D98B0086E3C8 /* RetroSnapApp.swift */; };
		61BA08242AC7D98B0086E3C8 /* ContentView.swift in Sources */ = {isa = PBXBuildFile; fileRef = 61BA08232AC7D98B0086E3C8 /* ContentView.swift */; };
		61BA08262AC7D98C0086E3C8 /* Assets.xcassets in Resources */ = {isa = PBXBuildFile; fileRef = 61BA08252AC7D98C0086E3C8 /* Assets.xcassets */; };
		61BA08292AC7D98C0086E3C8 /* Preview Assets.xcassets in Resources */ = {isa = PBXBuildFile; fileRef = 61BA08282AC7D98C0086E3C8 /* Preview Assets.xcassets */; };
		61BA08332AC7D98C0086E3C8 /* RetroSnapTests.swift in Sources */ = {isa = PBXBuildFile; fileRef = 61BA08322AC7D98C0086E3C8 /* RetroSnapTests.swift */; };
		61BA083D2AC7D98C0086E3C8 /* RetroSnapUITests.swift in Sources */ = {isa = PBXBuildFile; fileRef = 61BA083C2AC7D98C0086E3C8 /* RetroSnapUITests.swift */; };
		61BA083F2AC7D98C0086E3C8 /* RetroSnapUITestsLaunchTests.swift in Sources */ = {isa = PBXBuildFile; fileRef = 61BA083E2AC7D98C0086E3C8 /* RetroSnapUITestsLaunchTests.swift */; };
		61BA084C2AC7E1130086E3C8 /* CameraView.swift in Sources */ = {isa = PBXBuildFile; fileRef = 61BA084B2AC7E1130086E3C8 /* CameraView.swift */; };
		61BA084E2AC7EA5D0086E3C8 /* Image+extention.swift in Sources */ = {isa = PBXBuildFile; fileRef = 61BA084D2AC7EA5D0086E3C8 /* Image+extention.swift */; };
/* End PBXBuildFile section */

/* Begin PBXContainerItemProxy section */
		61BA082F2AC7D98C0086E3C8 /* PBXContainerItemProxy */ = {
			isa = PBXContainerItemProxy;
			containerPortal = 61BA08162AC7D98B0086E3C8 /* Project object */;
			proxyType = 1;
			remoteGlobalIDString = 61BA081D2AC7D98B0086E3C8;
			remoteInfo = RetroSnap;
		};
		61BA08392AC7D98C0086E3C8 /* PBXContainerItemProxy */ = {
			isa = PBXContainerItemProxy;
			containerPortal = 61BA08162AC7D98B0086E3C8 /* Project object */;
			proxyType = 1;
			remoteGlobalIDString = 61BA081D2AC7D98B0086E3C8;
			remoteInfo = RetroSnap;
		};
/* End PBXContainerItemProxy section */

/* Begin PBXFileReference section */
		61965AB02AD24B5A00A91BA7 /* Photo.xcdatamodel */ = {isa = PBXFileReference; lastKnownFileType = wrapper.xcdatamodel; path = Photo.xcdatamodel; sourceTree = "<group>"; };
		61965AB22AD2516B00A91BA7 /* PhotoRepository.swift */ = {isa = PBXFileReference; lastKnownFileType = sourcecode.swift; path = PhotoRepository.swift; sourceTree = "<group>"; };
		61965AB72AD2614F00A91BA7 /* Photos.swift */ = {isa = PBXFileReference; lastKnownFileType = sourcecode.swift; path = Photos.swift; sourceTree = "<group>"; };
		61965AB92AD2618800A91BA7 /* Photo.swift */ = {isa = PBXFileReference; lastKnownFileType = sourcecode.swift; path = Photo.swift; sourceTree = "<group>"; };
		61965ABB2AD2703200A91BA7 /* AdmobBannerView.swift */ = {isa = PBXFileReference; lastKnownFileType = sourcecode.swift; path = AdmobBannerView.swift; sourceTree = "<group>"; };
		61BA081E2AC7D98B0086E3C8 /* RetroSnap.app */ = {isa = PBXFileReference; explicitFileType = wrapper.application; includeInIndex = 0; path = RetroSnap.app; sourceTree = BUILT_PRODUCTS_DIR; };
		61BA08212AC7D98B0086E3C8 /* RetroSnapApp.swift */ = {isa = PBXFileReference; lastKnownFileType = sourcecode.swift; path = RetroSnapApp.swift; sourceTree = "<group>"; };
		61BA08232AC7D98B0086E3C8 /* ContentView.swift */ = {isa = PBXFileReference; lastKnownFileType = sourcecode.swift; path = ContentView.swift; sourceTree = "<group>"; };
		61BA08252AC7D98C0086E3C8 /* Assets.xcassets */ = {isa = PBXFileReference; lastKnownFileType = folder.assetcatalog; path = Assets.xcassets; sourceTree = "<group>"; };
		61BA08282AC7D98C0086E3C8 /* Preview Assets.xcassets */ = {isa = PBXFileReference; lastKnownFileType = folder.assetcatalog; path = "Preview Assets.xcassets"; sourceTree = "<group>"; };
		61BA082E2AC7D98C0086E3C8 /* RetroSnapTests.xctest */ = {isa = PBXFileReference; explicitFileType = wrapper.cfbundle; includeInIndex = 0; path = RetroSnapTests.xctest; sourceTree = BUILT_PRODUCTS_DIR; };
		61BA08322AC7D98C0086E3C8 /* RetroSnapTests.swift */ = {isa = PBXFileReference; lastKnownFileType = sourcecode.swift; path = RetroSnapTests.swift; sourceTree = "<group>"; };
		61BA08382AC7D98C0086E3C8 /* RetroSnapUITests.xctest */ = {isa = PBXFileReference; explicitFileType = wrapper.cfbundle; includeInIndex = 0; path = RetroSnapUITests.xctest; sourceTree = BUILT_PRODUCTS_DIR; };
		61BA083C2AC7D98C0086E3C8 /* RetroSnapUITests.swift */ = {isa = PBXFileReference; lastKnownFileType = sourcecode.swift; path = RetroSnapUITests.swift; sourceTree = "<group>"; };
		61BA083E2AC7D98C0086E3C8 /* RetroSnapUITestsLaunchTests.swift */ = {isa = PBXFileReference; lastKnownFileType = sourcecode.swift; path = RetroSnapUITestsLaunchTests.swift; sourceTree = "<group>"; };
		61BA084B2AC7E1130086E3C8 /* CameraView.swift */ = {isa = PBXFileReference; lastKnownFileType = sourcecode.swift; path = CameraView.swift; sourceTree = "<group>"; };
		61BA084D2AC7EA5D0086E3C8 /* Image+extention.swift */ = {isa = PBXFileReference; lastKnownFileType = sourcecode.swift; path = "Image+extention.swift"; sourceTree = "<group>"; };
/* End PBXFileReference section */

/* Begin PBXFrameworksBuildPhase section */
		61BA081B2AC7D98B0086E3C8 /* Frameworks */ = {
			isa = PBXFrameworksBuildPhase;
			buildActionMask = 2147483647;
			files = (
				61965ABF2AD270AD00A91BA7 /* GoogleMobileAds in Frameworks */,
				61965AB62AD2608400A91BA7 /* ComposableArchitecture in Frameworks */,
			);
			runOnlyForDeploymentPostprocessing = 0;
		};
		61BA082B2AC7D98C0086E3C8 /* Frameworks */ = {
			isa = PBXFrameworksBuildPhase;
			buildActionMask = 2147483647;
			files = (
			);
			runOnlyForDeploymentPostprocessing = 0;
		};
		61BA08352AC7D98C0086E3C8 /* Frameworks */ = {
			isa = PBXFrameworksBuildPhase;
			buildActionMask = 2147483647;
			files = (
			);
			runOnlyForDeploymentPostprocessing = 0;
		};
/* End PBXFrameworksBuildPhase section */

/* Begin PBXGroup section */
		61965AAE2AD24B2500A91BA7 /* data */ = {
			isa = PBXGroup;
			children = (
				61965AAF2AD24B5A00A91BA7 /* PhotoData.xcdatamodeld */,
				61965AB22AD2516B00A91BA7 /* PhotoRepository.swift */,
			);
			path = data;
			sourceTree = "<group>";
		};
		61BA08152AC7D98B0086E3C8 = {
			isa = PBXGroup;
			children = (
				61BA08202AC7D98B0086E3C8 /* RetroSnap */,
				61BA08312AC7D98C0086E3C8 /* RetroSnapTests */,
				61BA083B2AC7D98C0086E3C8 /* RetroSnapUITests */,
				61BA081F2AC7D98B0086E3C8 /* Products */,
			);
			sourceTree = "<group>";
		};
		61BA081F2AC7D98B0086E3C8 /* Products */ = {
			isa = PBXGroup;
			children = (
				61BA081E2AC7D98B0086E3C8 /* RetroSnap.app */,
				61BA082E2AC7D98C0086E3C8 /* RetroSnapTests.xctest */,
				61BA08382AC7D98C0086E3C8 /* RetroSnapUITests.xctest */,
			);
			name = Products;
			sourceTree = "<group>";
		};
		61BA08202AC7D98B0086E3C8 /* RetroSnap */ = {
			isa = PBXGroup;
			children = (
				61965AAE2AD24B2500A91BA7 /* data */,
				61BA08212AC7D98B0086E3C8 /* RetroSnapApp.swift */,
				61BA08232AC7D98B0086E3C8 /* ContentView.swift */,
				61BA084B2AC7E1130086E3C8 /* CameraView.swift */,
				61965AB72AD2614F00A91BA7 /* Photos.swift */,
				61965AB92AD2618800A91BA7 /* Photo.swift */,
				61BA08252AC7D98C0086E3C8 /* Assets.xcassets */,
				61BA08272AC7D98C0086E3C8 /* Preview Content */,
				61BA084D2AC7EA5D0086E3C8 /* Image+extention.swift */,
				61965ABB2AD2703200A91BA7 /* AdmobBannerView.swift */,
			);
			path = RetroSnap;
			sourceTree = "<group>";
		};
		61BA08272AC7D98C0086E3C8 /* Preview Content */ = {
			isa = PBXGroup;
			children = (
				61BA08282AC7D98C0086E3C8 /* Preview Assets.xcassets */,
			);
			path = "Preview Content";
			sourceTree = "<group>";
		};
		61BA08312AC7D98C0086E3C8 /* RetroSnapTests */ = {
			isa = PBXGroup;
			children = (
				61BA08322AC7D98C0086E3C8 /* RetroSnapTests.swift */,
			);
			path = RetroSnapTests;
			sourceTree = "<group>";
		};
		61BA083B2AC7D98C0086E3C8 /* RetroSnapUITests */ = {
			isa = PBXGroup;
			children = (
				61BA083C2AC7D98C0086E3C8 /* RetroSnapUITests.swift */,
				61BA083E2AC7D98C0086E3C8 /* RetroSnapUITestsLaunchTests.swift */,
			);
			path = RetroSnapUITests;
			sourceTree = "<group>";
		};
/* End PBXGroup section */

/* Begin PBXNativeTarget section */
		61BA081D2AC7D98B0086E3C8 /* RetroSnap */ = {
			isa = PBXNativeTarget;
			buildConfigurationList = 61BA08422AC7D98C0086E3C8 /* Build configuration list for PBXNativeTarget "RetroSnap" */;
			buildPhases = (
				61BA081A2AC7D98B0086E3C8 /* Sources */,
				61BA081B2AC7D98B0086E3C8 /* Frameworks */,
				61BA081C2AC7D98B0086E3C8 /* Resources */,
			);
			buildRules = (
			);
			dependencies = (
			);
			name = RetroSnap;
			packageProductDependencies = (
				61965AB52AD2608400A91BA7 /* ComposableArchitecture */,
				61965ABE2AD270AD00A91BA7 /* GoogleMobileAds */,
			);
			productName = RetroSnap;
			productReference = 61BA081E2AC7D98B0086E3C8 /* RetroSnap.app */;
			productType = "com.apple.product-type.application";
		};
		61BA082D2AC7D98C0086E3C8 /* RetroSnapTests */ = {
			isa = PBXNativeTarget;
			buildConfigurationList = 61BA08452AC7D98C0086E3C8 /* Build configuration list for PBXNativeTarget "RetroSnapTests" */;
			buildPhases = (
				61BA082A2AC7D98C0086E3C8 /* Sources */,
				61BA082B2AC7D98C0086E3C8 /* Frameworks */,
				61BA082C2AC7D98C0086E3C8 /* Resources */,
			);
			buildRules = (
			);
			dependencies = (
				61BA08302AC7D98C0086E3C8 /* PBXTargetDependency */,
			);
			name = RetroSnapTests;
			productName = RetroSnapTests;
			productReference = 61BA082E2AC7D98C0086E3C8 /* RetroSnapTests.xctest */;
			productType = "com.apple.product-type.bundle.unit-test";
		};
		61BA08372AC7D98C0086E3C8 /* RetroSnapUITests */ = {
			isa = PBXNativeTarget;
			buildConfigurationList = 61BA08482AC7D98C0086E3C8 /* Build configuration list for PBXNativeTarget "RetroSnapUITests" */;
			buildPhases = (
				61BA08342AC7D98C0086E3C8 /* Sources */,
				61BA08352AC7D98C0086E3C8 /* Frameworks */,
				61BA08362AC7D98C0086E3C8 /* Resources */,
			);
			buildRules = (
			);
			dependencies = (
				61BA083A2AC7D98C0086E3C8 /* PBXTargetDependency */,
			);
			name = RetroSnapUITests;
			productName = RetroSnapUITests;
			productReference = 61BA08382AC7D98C0086E3C8 /* RetroSnapUITests.xctest */;
			productType = "com.apple.product-type.bundle.ui-testing";
		};
/* End PBXNativeTarget section */

/* Begin PBXProject section */
		61BA08162AC7D98B0086E3C8 /* Project object */ = {
			isa = PBXProject;
			attributes = {
				BuildIndependentTargetsInParallel = 1;
				LastSwiftUpdateCheck = 1500;
				LastUpgradeCheck = 1500;
				TargetAttributes = {
					61BA081D2AC7D98B0086E3C8 = {
						CreatedOnToolsVersion = 15.0;
					};
					61BA082D2AC7D98C0086E3C8 = {
						CreatedOnToolsVersion = 15.0;
						TestTargetID = 61BA081D2AC7D98B0086E3C8;
					};
					61BA08372AC7D98C0086E3C8 = {
						CreatedOnToolsVersion = 15.0;
						TestTargetID = 61BA081D2AC7D98B0086E3C8;
					};
				};
			};
			buildConfigurationList = 61BA08192AC7D98B0086E3C8 /* Build configuration list for PBXProject "RetroSnap" */;
			compatibilityVersion = "Xcode 14.0";
			developmentRegion = en;
			hasScannedForEncodings = 0;
			knownRegions = (
				en,
				Base,
			);
			mainGroup = 61BA08152AC7D98B0086E3C8;
			packageReferences = (
				61965AB42AD2608400A91BA7 /* XCRemoteSwiftPackageReference "swift-composable-architecture" */,
				61965ABD2AD270AD00A91BA7 /* XCRemoteSwiftPackageReference "swift-package-manager-google-mobile-ads" */,
			);
			productRefGroup = 61BA081F2AC7D98B0086E3C8 /* Products */;
			projectDirPath = "";
			projectRoot = "";
			targets = (
				61BA081D2AC7D98B0086E3C8 /* RetroSnap */,
				61BA082D2AC7D98C0086E3C8 /* RetroSnapTests */,
				61BA08372AC7D98C0086E3C8 /* RetroSnapUITests */,
			);
		};
/* End PBXProject section */

/* Begin PBXResourcesBuildPhase section */
		61BA081C2AC7D98B0086E3C8 /* Resources */ = {
			isa = PBXResourcesBuildPhase;
			buildActionMask = 2147483647;
			files = (
				61BA08292AC7D98C0086E3C8 /* Preview Assets.xcassets in Resources */,
				61BA08262AC7D98C0086E3C8 /* Assets.xcassets in Resources */,
			);
			runOnlyForDeploymentPostprocessing = 0;
		};
		61BA082C2AC7D98C0086E3C8 /* Resources */ = {
			isa = PBXResourcesBuildPhase;
			buildActionMask = 2147483647;
			files = (
			);
			runOnlyForDeploymentPostprocessing = 0;
		};
		61BA08362AC7D98C0086E3C8 /* Resources */ = {
			isa = PBXResourcesBuildPhase;
			buildActionMask = 2147483647;
			files = (
			);
			runOnlyForDeploymentPostprocessing = 0;
		};
/* End PBXResourcesBuildPhase section */

/* Begin PBXSourcesBuildPhase section */
		61BA081A2AC7D98B0086E3C8 /* Sources */ = {
			isa = PBXSourcesBuildPhase;
			buildActionMask = 2147483647;
			files = (
				61965ABA2AD2618800A91BA7 /* Photo.swift in Sources */,
				61BA084E2AC7EA5D0086E3C8 /* Image+extention.swift in Sources */,
				61BA08242AC7D98B0086E3C8 /* ContentView.swift in Sources */,
				61BA08222AC7D98B0086E3C8 /* RetroSnapApp.swift in Sources */,
				61965AB12AD24B5A00A91BA7 /* PhotoData.xcdatamodeld in Sources */,
				61965ABC2AD2703200A91BA7 /* AdmobBannerView.swift in Sources */,
				61965AB32AD2516B00A91BA7 /* PhotoRepository.swift in Sources */,
				61BA084C2AC7E1130086E3C8 /* CameraView.swift in Sources */,
				61965AB82AD2614F00A91BA7 /* Photos.swift in Sources */,
			);
			runOnlyForDeploymentPostprocessing = 0;
		};
		61BA082A2AC7D98C0086E3C8 /* Sources */ = {
			isa = PBXSourcesBuildPhase;
			buildActionMask = 2147483647;
			files = (
				61BA08332AC7D98C0086E3C8 /* RetroSnapTests.swift in Sources */,
			);
			runOnlyForDeploymentPostprocessing = 0;
		};
		61BA08342AC7D98C0086E3C8 /* Sources */ = {
			isa = PBXSourcesBuildPhase;
			buildActionMask = 2147483647;
			files = (
				61BA083D2AC7D98C0086E3C8 /* RetroSnapUITests.swift in Sources */,
				61BA083F2AC7D98C0086E3C8 /* RetroSnapUITestsLaunchTests.swift in Sources */,
			);
			runOnlyForDeploymentPostprocessing = 0;
		};
/* End PBXSourcesBuildPhase section */

/* Begin PBXTargetDependency section */
		61BA08302AC7D98C0086E3C8 /* PBXTargetDependency */ = {
			isa = PBXTargetDependency;
			target = 61BA081D2AC7D98B0086E3C8 /* RetroSnap */;
			targetProxy = 61BA082F2AC7D98C0086E3C8 /* PBXContainerItemProxy */;
		};
		61BA083A2AC7D98C0086E3C8 /* PBXTargetDependency */ = {
			isa = PBXTargetDependency;
			target = 61BA081D2AC7D98B0086E3C8 /* RetroSnap */;
			targetProxy = 61BA08392AC7D98C0086E3C8 /* PBXContainerItemProxy */;
		};
/* End PBXTargetDependency section */

/* Begin XCBuildConfiguration section */
		61BA08402AC7D98C0086E3C8 /* Debug */ = {
			isa = XCBuildConfiguration;
			buildSettings = {
				ALWAYS_SEARCH_USER_PATHS = NO;
				ASSETCATALOG_COMPILER_GENERATE_SWIFT_ASSET_SYMBOL_EXTENSIONS = YES;
				CLANG_ANALYZER_NONNULL = YES;
				CLANG_ANALYZER_NUMBER_OBJECT_CONVERSION = YES_AGGRESSIVE;
				CLANG_CXX_LANGUAGE_STANDARD = "gnu++20";
				CLANG_ENABLE_MODULES = YES;
				CLANG_ENABLE_OBJC_ARC = YES;
				CLANG_ENABLE_OBJC_WEAK = YES;
				CLANG_WARN_BLOCK_CAPTURE_AUTORELEASING = YES;
				CLANG_WARN_BOOL_CONVERSION = YES;
				CLANG_WARN_COMMA = YES;
				CLANG_WARN_CONSTANT_CONVERSION = YES;
				CLANG_WARN_DEPRECATED_OBJC_IMPLEMENTATIONS = YES;
				CLANG_WARN_DIRECT_OBJC_ISA_USAGE = YES_ERROR;
				CLANG_WARN_DOCUMENTATION_COMMENTS = YES;
				CLANG_WARN_EMPTY_BODY = YES;
				CLANG_WARN_ENUM_CONVERSION = YES;
				CLANG_WARN_INFINITE_RECURSION = YES;
				CLANG_WARN_INT_CONVERSION = YES;
				CLANG_WARN_NON_LITERAL_NULL_CONVERSION = YES;
				CLANG_WARN_OBJC_IMPLICIT_RETAIN_SELF = YES;
				CLANG_WARN_OBJC_LITERAL_CONVERSION = YES;
				CLANG_WARN_OBJC_ROOT_CLASS = YES_ERROR;
				CLANG_WARN_QUOTED_INCLUDE_IN_FRAMEWORK_HEADER = YES;
				CLANG_WARN_RANGE_LOOP_ANALYSIS = YES;
				CLANG_WARN_STRICT_PROTOTYPES = YES;
				CLANG_WARN_SUSPICIOUS_MOVE = YES;
				CLANG_WARN_UNGUARDED_AVAILABILITY = YES_AGGRESSIVE;
				CLANG_WARN_UNREACHABLE_CODE = YES;
				CLANG_WARN__DUPLICATE_METHOD_MATCH = YES;
				COPY_PHASE_STRIP = NO;
				DEBUG_INFORMATION_FORMAT = dwarf;
				ENABLE_STRICT_OBJC_MSGSEND = YES;
				ENABLE_TESTABILITY = YES;
				ENABLE_USER_SCRIPT_SANDBOXING = YES;
				GCC_C_LANGUAGE_STANDARD = gnu17;
				GCC_DYNAMIC_NO_PIC = NO;
				GCC_NO_COMMON_BLOCKS = YES;
				GCC_OPTIMIZATION_LEVEL = 0;
				GCC_PREPROCESSOR_DEFINITIONS = (
					"DEBUG=1",
					"$(inherited)",
				);
				GCC_WARN_64_TO_32_BIT_CONVERSION = YES;
				GCC_WARN_ABOUT_RETURN_TYPE = YES_ERROR;
				GCC_WARN_UNDECLARED_SELECTOR = YES;
				GCC_WARN_UNINITIALIZED_AUTOS = YES_AGGRESSIVE;
				GCC_WARN_UNUSED_FUNCTION = YES;
				GCC_WARN_UNUSED_VARIABLE = YES;
				IPHONEOS_DEPLOYMENT_TARGET = 17.0;
				LOCALIZATION_PREFERS_STRING_CATALOGS = YES;
				MTL_ENABLE_DEBUG_INFO = INCLUDE_SOURCE;
				MTL_FAST_MATH = YES;
				ONLY_ACTIVE_ARCH = YES;
				OTHER_LDFLAGS = "-ObjC";
				SDKROOT = iphoneos;
				SWIFT_ACTIVE_COMPILATION_CONDITIONS = "DEBUG $(inherited)";
				SWIFT_OPTIMIZATION_LEVEL = "-Onone";
			};
			name = Debug;
		};
		61BA08412AC7D98C0086E3C8 /* Release */ = {
			isa = XCBuildConfiguration;
			buildSettings = {
				ALWAYS_SEARCH_USER_PATHS = NO;
				ASSETCATALOG_COMPILER_GENERATE_SWIFT_ASSET_SYMBOL_EXTENSIONS = YES;
				CLANG_ANALYZER_NONNULL = YES;
				CLANG_ANALYZER_NUMBER_OBJECT_CONVERSION = YES_AGGRESSIVE;
				CLANG_CXX_LANGUAGE_STANDARD = "gnu++20";
				CLANG_ENABLE_MODULES = YES;
				CLANG_ENABLE_OBJC_ARC = YES;
				CLANG_ENABLE_OBJC_WEAK = YES;
				CLANG_WARN_BLOCK_CAPTURE_AUTORELEASING = YES;
				CLANG_WARN_BOOL_CONVERSION = YES;
				CLANG_WARN_COMMA = YES;
				CLANG_WARN_CONSTANT_CONVERSION = YES;
				CLANG_WARN_DEPRECATED_OBJC_IMPLEMENTATIONS = YES;
				CLANG_WARN_DIRECT_OBJC_ISA_USAGE = YES_ERROR;
				CLANG_WARN_DOCUMENTATION_COMMENTS = YES;
				CLANG_WARN_EMPTY_BODY = YES;
				CLANG_WARN_ENUM_CONVERSION = YES;
				CLANG_WARN_INFINITE_RECURSION = YES;
				CLANG_WARN_INT_CONVERSION = YES;
				CLANG_WARN_NON_LITERAL_NULL_CONVERSION = YES;
				CLANG_WARN_OBJC_IMPLICIT_RETAIN_SELF = YES;
				CLANG_WARN_OBJC_LITERAL_CONVERSION = YES;
				CLANG_WARN_OBJC_ROOT_CLASS = YES_ERROR;
				CLANG_WARN_QUOTED_INCLUDE_IN_FRAMEWORK_HEADER = YES;
				CLANG_WARN_RANGE_LOOP_ANALYSIS = YES;
				CLANG_WARN_STRICT_PROTOTYPES = YES;
				CLANG_WARN_SUSPICIOUS_MOVE = YES;
				CLANG_WARN_UNGUARDED_AVAILABILITY = YES_AGGRESSIVE;
				CLANG_WARN_UNREACHABLE_CODE = YES;
				CLANG_WARN__DUPLICATE_METHOD_MATCH = YES;
				COPY_PHASE_STRIP = NO;
				DEBUG_INFORMATION_FORMAT = "dwarf-with-dsym";
				ENABLE_NS_ASSERTIONS = NO;
				ENABLE_STRICT_OBJC_MSGSEND = YES;
				ENABLE_USER_SCRIPT_SANDBOXING = YES;
				GCC_C_LANGUAGE_STANDARD = gnu17;
				GCC_NO_COMMON_BLOCKS = YES;
				GCC_WARN_64_TO_32_BIT_CONVERSION = YES;
				GCC_WARN_ABOUT_RETURN_TYPE = YES_ERROR;
				GCC_WARN_UNDECLARED_SELECTOR = YES;
				GCC_WARN_UNINITIALIZED_AUTOS = YES_AGGRESSIVE;
				GCC_WARN_UNUSED_FUNCTION = YES;
				GCC_WARN_UNUSED_VARIABLE = YES;
				IPHONEOS_DEPLOYMENT_TARGET = 17.0;
				LOCALIZATION_PREFERS_STRING_CATALOGS = YES;
				MTL_ENABLE_DEBUG_INFO = NO;
				MTL_FAST_MATH = YES;
				OTHER_LDFLAGS = "-ObjC";
				SDKROOT = iphoneos;
				SWIFT_COMPILATION_MODE = wholemodule;
				VALIDATE_PRODUCT = YES;
			};
			name = Release;
		};
		61BA08432AC7D98C0086E3C8 /* Debug */ = {
			isa = XCBuildConfiguration;
			buildSettings = {
				ASSETCATALOG_COMPILER_APPICON_NAME = AppIcon;
				ASSETCATALOG_COMPILER_GLOBAL_ACCENT_COLOR_NAME = AccentColor;
				CODE_SIGN_STYLE = Automatic;
				CURRENT_PROJECT_VERSION = 1;
				DEVELOPMENT_ASSET_PATHS = "\"RetroSnap/Preview Content\"";
				DEVELOPMENT_TEAM = 4YZQY4C47E;
				ENABLE_PREVIEWS = YES;
				GENERATE_INFOPLIST_FILE = YES;
				INFOPLIST_FILE = RetroSnap/Info.plist;
				INFOPLIST_KEY_LSApplicationCategoryType = "";
				INFOPLIST_KEY_NSCameraUsageDescription = "カメラを使用して写真を撮影します。";
				INFOPLIST_KEY_NSPhotoLibraryAddUsageDescription = "カメラを使用して写真を撮影した結果をアルバムへ保存します。";
				INFOPLIST_KEY_NSPhotoLibraryUsageDescription = "カメラを使用して写真を撮影した結果をアルバムへ保存します。";
				INFOPLIST_KEY_UIApplicationSceneManifest_Generation = YES;
				INFOPLIST_KEY_UIApplicationSupportsIndirectInputEvents = YES;
				INFOPLIST_KEY_UILaunchScreen_Generation = YES;
				INFOPLIST_KEY_UISupportedInterfaceOrientations_iPad = "UIInterfaceOrientationPortrait UIInterfaceOrientationPortraitUpsideDown UIInterfaceOrientationLandscapeLeft UIInterfaceOrientationLandscapeRight";
				INFOPLIST_KEY_UISupportedInterfaceOrientations_iPhone = "UIInterfaceOrientationPortrait UIInterfaceOrientationLandscapeLeft UIInterfaceOrientationLandscapeRight";
				LD_RUNPATH_SEARCH_PATHS = (
					"$(inherited)",
					"@executable_path/Frameworks",
				);
				MARKETING_VERSION = 1.0;
				PRODUCT_BUNDLE_IDENTIFIER = com.entaku.RetroSnap;
				PRODUCT_NAME = "$(TARGET_NAME)";
				SWIFT_EMIT_LOC_STRINGS = YES;
				SWIFT_VERSION = 5.0;
				TARGETED_DEVICE_FAMILY = "1,2";
			};
			name = Debug;
		};
		61BA08442AC7D98C0086E3C8 /* Release */ = {
			isa = XCBuildConfiguration;
			buildSettings = {
				ASSETCATALOG_COMPILER_APPICON_NAME = AppIcon;
				ASSETCATALOG_COMPILER_GLOBAL_ACCENT_COLOR_NAME = AccentColor;
				CODE_SIGN_STYLE = Automatic;
				CURRENT_PROJECT_VERSION = 1;
				DEVELOPMENT_ASSET_PATHS = "\"RetroSnap/Preview Content\"";
				DEVELOPMENT_TEAM = 4YZQY4C47E;
				ENABLE_PREVIEWS = YES;
				GENERATE_INFOPLIST_FILE = YES;
				INFOPLIST_FILE = RetroSnap/Info.plist;
				INFOPLIST_KEY_LSApplicationCategoryType = "";
				INFOPLIST_KEY_NSCameraUsageDescription = "カメラを使用して写真を撮影します。";
				INFOPLIST_KEY_NSPhotoLibraryAddUsageDescription = "カメラを使用して写真を撮影した結果をアルバムへ保存します。";
				INFOPLIST_KEY_NSPhotoLibraryUsageDescription = "カメラを使用して写真を撮影した結果をアルバムへ保存します。";
				INFOPLIST_KEY_UIApplicationSceneManifest_Generation = YES;
				INFOPLIST_KEY_UIApplicationSupportsIndirectInputEvents = YES;
				INFOPLIST_KEY_UILaunchScreen_Generation = YES;
				INFOPLIST_KEY_UISupportedInterfaceOrientations_iPad = "UIInterfaceOrientationPortrait UIInterfaceOrientationPortraitUpsideDown UIInterfaceOrientationLandscapeLeft UIInterfaceOrientationLandscapeRight";
				INFOPLIST_KEY_UISupportedInterfaceOrientations_iPhone = "UIInterfaceOrientationPortrait UIInterfaceOrientationLandscapeLeft UIInterfaceOrientationLandscapeRight";
				LD_RUNPATH_SEARCH_PATHS = (
					"$(inherited)",
					"@executable_path/Frameworks",
				);
				MARKETING_VERSION = 1.0;
				PRODUCT_BUNDLE_IDENTIFIER = com.entaku.RetroSnap;
				PRODUCT_NAME = "$(TARGET_NAME)";
				SWIFT_EMIT_LOC_STRINGS = YES;
				SWIFT_VERSION = 5.0;
				TARGETED_DEVICE_FAMILY = "1,2";
			};
			name = Release;
		};
		61BA08462AC7D98C0086E3C8 /* Debug */ = {
			isa = XCBuildConfiguration;
			buildSettings = {
				ALWAYS_EMBED_SWIFT_STANDARD_LIBRARIES = YES;
				BUNDLE_LOADER = "$(TEST_HOST)";
				CODE_SIGN_STYLE = Automatic;
				CURRENT_PROJECT_VERSION = 1;
				DEVELOPMENT_TEAM = 4YZQY4C47E;
				GENERATE_INFOPLIST_FILE = YES;
				IPHONEOS_DEPLOYMENT_TARGET = 17.0;
				MARKETING_VERSION = 1.0;
				PRODUCT_BUNDLE_IDENTIFIER = com.entaku.RetroSnapTests;
				PRODUCT_NAME = "$(TARGET_NAME)";
				SWIFT_EMIT_LOC_STRINGS = NO;
				SWIFT_VERSION = 5.0;
				TARGETED_DEVICE_FAMILY = "1,2";
				TEST_HOST = "$(BUILT_PRODUCTS_DIR)/RetroSnap.app/$(BUNDLE_EXECUTABLE_FOLDER_PATH)/RetroSnap";
			};
			name = Debug;
		};
		61BA08472AC7D98C0086E3C8 /* Release */ = {
			isa = XCBuildConfiguration;
			buildSettings = {
				ALWAYS_EMBED_SWIFT_STANDARD_LIBRARIES = YES;
				BUNDLE_LOADER = "$(TEST_HOST)";
				CODE_SIGN_STYLE = Automatic;
				CURRENT_PROJECT_VERSION = 1;
				DEVELOPMENT_TEAM = 4YZQY4C47E;
				GENERATE_INFOPLIST_FILE = YES;
				IPHONEOS_DEPLOYMENT_TARGET = 17.0;
				MARKETING_VERSION = 1.0;
				PRODUCT_BUNDLE_IDENTIFIER = com.entaku.RetroSnapTests;
				PRODUCT_NAME = "$(TARGET_NAME)";
				SWIFT_EMIT_LOC_STRINGS = NO;
				SWIFT_VERSION = 5.0;
				TARGETED_DEVICE_FAMILY = "1,2";
				TEST_HOST = "$(BUILT_PRODUCTS_DIR)/RetroSnap.app/$(BUNDLE_EXECUTABLE_FOLDER_PATH)/RetroSnap";
			};
			name = Release;
		};
		61BA08492AC7D98C0086E3C8 /* Debug */ = {
			isa = XCBuildConfiguration;
			buildSettings = {
				ALWAYS_EMBED_SWIFT_STANDARD_LIBRARIES = YES;
				CODE_SIGN_STYLE = Automatic;
				CURRENT_PROJECT_VERSION = 1;
				DEVELOPMENT_TEAM = 4YZQY4C47E;
				GENERATE_INFOPLIST_FILE = YES;
				MARKETING_VERSION = 1.0;
				PRODUCT_BUNDLE_IDENTIFIER = com.entaku.RetroSnapUITests;
				PRODUCT_NAME = "$(TARGET_NAME)";
				SWIFT_EMIT_LOC_STRINGS = NO;
				SWIFT_VERSION = 5.0;
				TARGETED_DEVICE_FAMILY = "1,2";
				TEST_TARGET_NAME = RetroSnap;
			};
			name = Debug;
		};
		61BA084A2AC7D98C0086E3C8 /* Release */ = {
			isa = XCBuildConfiguration;
			buildSettings = {
				ALWAYS_EMBED_SWIFT_STANDARD_LIBRARIES = YES;
				CODE_SIGN_STYLE = Automatic;
				CURRENT_PROJECT_VERSION = 1;
				DEVELOPMENT_TEAM = 4YZQY4C47E;
				GENERATE_INFOPLIST_FILE = YES;
				MARKETING_VERSION = 1.0;
				PRODUCT_BUNDLE_IDENTIFIER = com.entaku.RetroSnapUITests;
				PRODUCT_NAME = "$(TARGET_NAME)";
				SWIFT_EMIT_LOC_STRINGS = NO;
				SWIFT_VERSION = 5.0;
				TARGETED_DEVICE_FAMILY = "1,2";
				TEST_TARGET_NAME = RetroSnap;
			};
			name = Release;
		};
/* End XCBuildConfiguration section */

/* Begin XCConfigurationList section */
		61BA08192AC7D98B0086E3C8 /* Build configuration list for PBXProject "RetroSnap" */ = {
			isa = XCConfigurationList;
			buildConfigurations = (
				61BA08402AC7D98C0086E3C8 /* Debug */,
				61BA08412AC7D98C0086E3C8 /* Release */,
			);
			defaultConfigurationIsVisible = 0;
			defaultConfigurationName = Release;
		};
		61BA08422AC7D98C0086E3C8 /* Build configuration list for PBXNativeTarget "RetroSnap" */ = {
			isa = XCConfigurationList;
			buildConfigurations = (
				61BA08432AC7D98C0086E3C8 /* Debug */,
				61BA08442AC7D98C0086E3C8 /* Release */,
			);
			defaultConfigurationIsVisible = 0;
			defaultConfigurationName = Release;
		};
		61BA08452AC7D98C0086E3C8 /* Build configuration list for PBXNativeTarget "RetroSnapTests" */ = {
			isa = XCConfigurationList;
			buildConfigurations = (
				61BA08462AC7D98C0086E3C8 /* Debug */,
				61BA08472AC7D98C0086E3C8 /* Release */,
			);
			defaultConfigurationIsVisible = 0;
			defaultConfigurationName = Release;
		};
		61BA08482AC7D98C0086E3C8 /* Build configuration list for PBXNativeTarget "RetroSnapUITests" */ = {
			isa = XCConfigurationList;
			buildConfigurations = (
				61BA08492AC7D98C0086E3C8 /* Debug */,
				61BA084A2AC7D98C0086E3C8 /* Release */,
			);
			defaultConfigurationIsVisible = 0;
			defaultConfigurationName = Release;
		};
/* End XCConfigurationList section */

/* Begin XCRemoteSwiftPackageReference section */
		61965AB42AD2608400A91BA7 /* XCRemoteSwiftPackageReference "swift-composable-architecture" */ = {
			isa = XCRemoteSwiftPackageReference;
			repositoryURL = "https://github.com/pointfreeco/swift-composable-architecture.git";
			requirement = {
				kind = upToNextMajorVersion;
				minimumVersion = 1.2.0;
			};
		};
		61965ABD2AD270AD00A91BA7 /* XCRemoteSwiftPackageReference "swift-package-manager-google-mobile-ads" */ = {
			isa = XCRemoteSwiftPackageReference;
			repositoryURL = "https://github.com/googleads/swift-package-manager-google-mobile-ads.git";
			requirement = {
				kind = upToNextMajorVersion;
				minimumVersion = 10.12.0;
			};
		};
/* End XCRemoteSwiftPackageReference section */

/* Begin XCSwiftPackageProductDependency section */
		61965AB52AD2608400A91BA7 /* ComposableArchitecture */ = {
			isa = XCSwiftPackageProductDependency;
			package = 61965AB42AD2608400A91BA7 /* XCRemoteSwiftPackageReference "swift-composable-architecture" */;
			productName = ComposableArchitecture;
		};
		61965ABE2AD270AD00A91BA7 /* GoogleMobileAds */ = {
			isa = XCSwiftPackageProductDependency;
			package = 61965ABD2AD270AD00A91BA7 /* XCRemoteSwiftPackageReference "swift-package-manager-google-mobile-ads" */;
			productName = GoogleMobileAds;
		};
/* End XCSwiftPackageProductDependency section */

/* Begin XCVersionGroup section */
		61965AAF2AD24B5A00A91BA7 /* PhotoData.xcdatamodeld */ = {
			isa = XCVersionGroup;
			children = (
				61965AB02AD24B5A00A91BA7 /* Photo.xcdatamodel */,
			);
			currentVersion = 61965AB02AD24B5A00A91BA7 /* Photo.xcdatamodel */;
			path = PhotoData.xcdatamodeld;
			sourceTree = "<group>";
			versionGroupType = wrapper.xcdatamodel;
		};
/* End XCVersionGroup section */
	};
	rootObject = 61BA08162AC7D98B0086E3C8 /* Project object */;
}
